
Microsoft Visual Studio Solution File, Format Version 12.00
# Visual Studio Version 17
VisualStudioVersion = 17.0.31903.59
MinimumVisualStudioVersion = 10.0.40219.1
Project("{2150E333-8FDC-42A3-9474-1A3956D46DE8}") = "src", "src", "{F3450829-DCD3-45F1-8055-BF935A1C978D}"
EndProject
Project("{FAE04EC0-301F-11D3-BF4B-00C04F79EFBC}") = "Rbac.Domain", "src\Rbac.Domain\Rbac.Domain.csproj", "{8307B133-BBA4-4FEA-A90F-B00469CCB792}"
EndProject
Project("{FAE04EC0-301F-11D3-BF4B-00C04F79EFBC}") = "Rbac.Contracts", "src\Rbac.Contracts\Rbac.Contracts.csproj", "{8BA85EB4-3CFC-412A-B51A-17F0F596AC1E}"
EndProject
Project("{FAE04EC0-301F-11D3-BF4B-00C04F79EFBC}") = "Rbac.Application", "src\Rbac.Application\Rbac.Application.csproj", "{5B41BED7-5262-4F18-AE4F-323DA7A56CC8}"
EndProject
Project("{FAE04EC0-301F-11D3-BF4B-00C04F79EFBC}") = "Rbac.Infrastructure", "src\Rbac.Infrastructure\Rbac.Infrastructure.csproj", "{AECC7046-3C32-4E28-AC41-57F2690F9E86}"
EndProject
Project("{FAE04EC0-301F-11D3-BF4B-00C04F79EFBC}") = "Rbac.AspNetCore", "src\Rbac.AspNetCore\Rbac.AspNetCore.csproj", "{D8EC5C6A-2CED-483D-9876-CA40EE595DDE}"
EndProject
Project("{2150E333-8FDC-42A3-9474-1A3956D46DE8}") = "samples", "samples", "{DE90F3C0-A031-40CE-AC9E-9D31351EA244}"
EndProject
Project("{FAE04EC0-301F-11D3-BF4B-00C04F79EFBC}") = "Rbac.Sample.Api", "samples\Rbac.Sample.Api\Rbac.Sample.Api.csproj", "{DE27C609-4B90-40E2-8BBA-FF0C4CD67052}"
EndProject
Project("{2150E333-8FDC-42A3-9474-1A3956D46DE8}") = "tests", "tests", "{572AE6FC-9372-42BF-99AB-9513EA8D38FB}"
EndProject
Project("{FAE04EC0-301F-11D3-BF4B-00C04F79EFBC}") = "Rbac.Domain.Tests", "tests\Rbac.Domain.Tests\Rbac.Domain.Tests.csproj", "{92815456-BC5C-4BAA-A04D-0022EEB00172}"
EndProject
Project("{FAE04EC0-301F-11D3-BF4B-00C04F79EFBC}") = "Rbac.Application.Tests", "tests\Rbac.Application.Tests\Rbac.Application.Tests.csproj", "{13B2D1B4-30F7-4246-8005-CBD28964F99C}"
EndProject
Project("{FAE04EC0-301F-11D3-BF4B-00C04F79EFBC}") = "Rbac.Infrastructure.Tests", "tests\Rbac.Infrastructure.Tests\Rbac.Infrastructure.Tests.csproj", "{9C3D17FE-D9BC-480A-AD4E-C198B210293E}"
EndProject
Project("{FAE04EC0-301F-11D3-BF4B-00C04F79EFBC}") = "Rbac.AspNetCore.Tests", "tests\Rbac.AspNetCore.Tests\Rbac.AspNetCore.Tests.csproj", "{BE1945B8-0929-49A7-BD87-1A3900017831}"
EndProject
Global
	GlobalSection(SolutionConfigurationPlatforms) = preSolution
		Debug|Any CPU = Debug|Any CPU
		Release|Any CPU = Release|Any CPU
	EndGlobalSection
	GlobalSection(SolutionProperties) = preSolution
		HideSolutionNode = FALSE
	EndGlobalSection
	GlobalSection(ProjectConfigurationPlatforms) = postSolution
		{8307B133-BBA4-4FEA-A90F-B00469CCB792}.Debug|Any CPU.ActiveCfg = Debug|Any CPU
		{8307B133-BBA4-4FEA-A90F-B00469CCB792}.Debug|Any CPU.Build.0 = Debug|Any CPU
		{8307B133-BBA4-4FEA-A90F-B00469CCB792}.Release|Any CPU.ActiveCfg = Release|Any CPU
		{8307B133-BBA4-4FEA-A90F-B00469CCB792}.Release|Any CPU.Build.0 = Release|Any CPU
		{8BA85EB4-3CFC-412A-B51A-17F0F596AC1E}.Debug|Any CPU.ActiveCfg = Debug|Any CPU
		{8BA85EB4-3CFC-412A-B51A-17F0F596AC1E}.Debug|Any CPU.Build.0 = Debug|Any CPU
		{8BA85EB4-3CFC-412A-B51A-17F0F596AC1E}.Release|Any CPU.ActiveCfg = Release|Any CPU
		{8BA85EB4-3CFC-412A-B51A-17F0F596AC1E}.Release|Any CPU.Build.0 = Release|Any CPU
		{5B41BED7-5262-4F18-AE4F-323DA7A56CC8}.Debug|Any CPU.ActiveCfg = Debug|Any CPU
		{5B41BED7-5262-4F18-AE4F-323DA7A56CC8}.Debug|Any CPU.Build.0 = Debug|Any CPU
		{5B41BED7-5262-4F18-AE4F-323DA7A56CC8}.Release|Any CPU.ActiveCfg = Release|Any CPU
		{5B41BED7-5262-4F18-AE4F-323DA7A56CC8}.Release|Any CPU.Build.0 = Release|Any CPU
		{AECC7046-3C32-4E28-AC41-57F2690F9E86}.Debug|Any CPU.ActiveCfg = Debug|Any CPU
		{AECC7046-3C32-4E28-AC41-57F2690F9E86}.Debug|Any CPU.Build.0 = Debug|Any CPU
		{AECC7046-3C32-4E28-AC41-57F2690F9E86}.Release|Any CPU.ActiveCfg = Release|Any CPU
		{AECC7046-3C32-4E28-AC41-57F2690F9E86}.Release|Any CPU.Build.0 = Release|Any CPU
		{D8EC5C6A-2CED-483D-9876-CA40EE595DDE}.Debug|Any CPU.ActiveCfg = Debug|Any CPU
		{D8EC5C6A-2CED-483D-9876-CA40EE595DDE}.Debug|Any CPU.Build.0 = Debug|Any CPU
		{D8EC5C6A-2CED-483D-9876-CA40EE595DDE}.Release|Any CPU.ActiveCfg = Release|Any CPU
		{D8EC5C6A-2CED-483D-9876-CA40EE595DDE}.Release|Any CPU.Build.0 = Release|Any CPU
		{DE27C609-4B90-40E2-8BBA-FF0C4CD67052}.Debug|Any CPU.ActiveCfg = Debug|Any CPU
		{DE27C609-4B90-40E2-8BBA-FF0C4CD67052}.Debug|Any CPU.Build.0 = Debug|Any CPU
		{DE27C609-4B90-40E2-8BBA-FF0C4CD67052}.Release|Any CPU.ActiveCfg = Release|Any CPU
		{DE27C609-4B90-40E2-8BBA-FF0C4CD67052}.Release|Any CPU.Build.0 = Release|Any CPU
		{92815456-BC5C-4BAA-A04D-0022EEB00172}.Debug|Any CPU.ActiveCfg = Debug|Any CPU
		{92815456-BC5C-4BAA-A04D-0022EEB00172}.Debug|Any CPU.Build.0 = Debug|Any CPU
		{92815456-BC5C-4BAA-A04D-0022EEB00172}.Release|Any CPU.ActiveCfg = Release|Any CPU
		{92815456-BC5C-4BAA-A04D-0022EEB00172}.Release|Any CPU.Build.0 = Release|Any CPU
		{13B2D1B4-30F7-4246-8005-CBD28964F99C}.Debug|Any CPU.ActiveCfg = Debug|Any CPU
		{13B2D1B4-30F7-4246-8005-CBD28964F99C}.Debug|Any CPU.Build.0 = Debug|Any CPU
		{13B2D1B4-30F7-4246-8005-CBD28964F99C}.Release|Any CPU.ActiveCfg = Release|Any CPU
		{13B2D1B4-30F7-4246-8005-CBD28964F99C}.Release|Any CPU.Build.0 = Release|Any CPU
		{9C3D17FE-D9BC-480A-AD4E-C198B210293E}.Debug|Any CPU.ActiveCfg = Debug|Any CPU
		{9C3D17FE-D9BC-480A-AD4E-C198B210293E}.Debug|Any CPU.Build.0 = Debug|Any CPU
		{9C3D17FE-D9BC-480A-AD4E-C198B210293E}.Release|Any CPU.ActiveCfg = Release|Any CPU
		{9C3D17FE-D9BC-480A-AD4E-C198B210293E}.Release|Any CPU.Build.0 = Release|Any CPU
		{BE1945B8-0929-49A7-BD87-1A3900017831}.Debug|Any CPU.ActiveCfg = Debug|Any CPU
		{BE1945B8-0929-49A7-BD87-1A3900017831}.Debug|Any CPU.Build.0 = Debug|Any CPU
		{BE1945B8-0929-49A7-BD87-1A3900017831}.Release|Any CPU.ActiveCfg = Release|Any CPU
		{BE1945B8-0929-49A7-BD87-1A3900017831}.Release|Any CPU.Build.0 = Release|Any CPU
	EndGlobalSection
	GlobalSection(NestedProjects) = preSolution
		{8307B133-BBA4-4FEA-A90F-B00469CCB792} = {F3450829-DCD3-45F1-8055-BF935A1C978D}
		{8BA85EB4-3CFC-412A-B51A-17F0F596AC1E} = {F3450829-DCD3-45F1-8055-BF935A1C978D}
		{5B41BED7-5262-4F18-AE4F-323DA7A56CC8} = {F3450829-DCD3-45F1-8055-BF935A1C978D}
		{AECC7046-3C32-4E28-AC41-57F2690F9E86} = {F3450829-DCD3-45F1-8055-BF935A1C978D}
		{D8EC5C6A-2CED-483D-9876-CA40EE595DDE} = {F3450829-DCD3-45F1-8055-BF935A1C978D}
		{DE27C609-4B90-40E2-8BBA-FF0C4CD67052} = {DE90F3C0-A031-40CE-AC9E-9D31351EA244}
		{92815456-BC5C-4BAA-A04D-0022EEB00172} = {572AE6FC-9372-42BF-99AB-9513EA8D38FB}
		{13B2D1B4-30F7-4246-8005-CBD28964F99C} = {572AE6FC-9372-42BF-99AB-9513EA8D38FB}
		{9C3D17FE-D9BC-480A-AD4E-C198B210293E} = {572AE6FC-9372-42BF-99AB-9513EA8D38FB}
		{BE1945B8-0929-49A7-BD87-1A3900017831} = {572AE6FC-9372-42BF-99AB-9513EA8D38FB}
	EndGlobalSection
EndGlobal
